
Microsoft Visual Studio Solution File, Format Version 12.00
# Visual Studio Version 17
VisualStudioVersion = 17.5.33627.172
MinimumVisualStudioVersion = 10.0.40219.1
Project("{FAE04EC0-301F-11D3-BF4B-00C04F79EFBC}") = "Bochkov-Mikhail-PRI-120-lab-3", "Bochkov-Mikhail-PRI-120-lab-3\Bochkov-Mikhail-PRI-120-lab-3.csproj", "{EF612C1D-20F8-4BB1-B823-5CAB4C687A3F}"
EndProject
Global
	GlobalSection(SolutionConfigurationPlatforms) = preSolution
		Debug|Any CPU = Debug|Any CPU
		Release|Any CPU = Release|Any CPU
	EndGlobalSection
	GlobalSection(ProjectConfigurationPlatforms) = postSolution
		{EF612C1D-20F8-4BB1-B823-5CAB4C687A3F}.Debug|Any CPU.ActiveCfg = Debug|Any CPU
		{EF612C1D-20F8-4BB1-B823-5CAB4C687A3F}.Debug|Any CPU.Build.0 = Debug|Any CPU
		{EF612C1D-20F8-4BB1-B823-5CAB4C687A3F}.Release|Any CPU.ActiveCfg = Release|Any CPU
		{EF612C1D-20F8-4BB1-B823-5CAB4C687A3F}.Release|Any CPU.Build.0 = Release|Any CPU
	EndGlobalSection
	GlobalSection(SolutionProperties) = preSolution
		HideSolutionNode = FALSE
	EndGlobalSection
	GlobalSection(ExtensibilityGlobals) = postSolution
		SolutionGuid = {D22B2E17-65BD-43F8-B0E8-9C6828B0679C}
	EndGlobalSection
EndGlobal
