
Microsoft Visual Studio Solution File, Format Version 12.00
# Visual Studio Version 16
VisualStudioVersion = 16.0.33027.164
MinimumVisualStudioVersion = 10.0.40219.1
Project("{FAE04EC0-301F-11D3-BF4B-00C04F79EFBC}") = "Lab5", "Lab5\Lab5.csproj", "{6FFA7A0E-44BF-4E07-85C2-DD4F557BD6D0}"
EndProject
Global
	GlobalSection(SolutionConfigurationPlatforms) = preSolution
		Debug|Any CPU = Debug|Any CPU
		Release|Any CPU = Release|Any CPU
	EndGlobalSection
	GlobalSection(ProjectConfigurationPlatforms) = postSolution
		{6FFA7A0E-44BF-4E07-85C2-DD4F557BD6D0}.Debug|Any CPU.ActiveCfg = Debug|Any CPU
		{6FFA7A0E-44BF-4E07-85C2-DD4F557BD6D0}.Debug|Any CPU.Build.0 = Debug|Any CPU
		{6FFA7A0E-44BF-4E07-85C2-DD4F557BD6D0}.Release|Any CPU.ActiveCfg = Release|Any CPU
		{6FFA7A0E-44BF-4E07-85C2-DD4F557BD6D0}.Release|Any CPU.Build.0 = Release|Any CPU
	EndGlobalSection
	GlobalSection(SolutionProperties) = preSolution
		HideSolutionNode = FALSE
	EndGlobalSection
	GlobalSection(ExtensibilityGlobals) = postSolution
		SolutionGuid = {5151D6A3-7B1D-49CE-8F15-55350E7B7FA2}
	EndGlobalSection
EndGlobal
