
Microsoft Visual Studio Solution File, Format Version 12.00
# Visual Studio Version 17
VisualStudioVersion = 17.5.33627.172
MinimumVisualStudioVersion = 10.0.40219.1
Project("{FAE04EC0-301F-11D3-BF4B-00C04F79EFBC}") = "Bochkov_Mikhail_PRI_120_Lab_2", "Bochkov_Mikhail_PRI_120_Lab_2\Bochkov_Mikhail_PRI_120_Lab_2.csproj", "{0317432F-8949-4C93-889E-CAAEAA1C2797}"
EndProject
Project("{FAE04EC0-301F-11D3-BF4B-00C04F79EFBC}") = "Bochkov_Mikhail_PRI-120_Lab_22", "Bochkov_Mikhail_PRI-120_Lab_22\Bochkov_Mikhail_PRI-120_Lab_22.csproj", "{CA23C132-FF16-48E7-A98C-97D166D3FAA9}"
EndProject
Global
	GlobalSection(SolutionConfigurationPlatforms) = preSolution
		Debug|Any CPU = Debug|Any CPU
		Release|Any CPU = Release|Any CPU
	EndGlobalSection
	GlobalSection(ProjectConfigurationPlatforms) = postSolution
		{0317432F-8949-4C93-889E-CAAEAA1C2797}.Debug|Any CPU.ActiveCfg = Debug|Any CPU
		{0317432F-8949-4C93-889E-CAAEAA1C2797}.Debug|Any CPU.Build.0 = Debug|Any CPU
		{0317432F-8949-4C93-889E-CAAEAA1C2797}.Release|Any CPU.ActiveCfg = Release|Any CPU
		{0317432F-8949-4C93-889E-CAAEAA1C2797}.Release|Any CPU.Build.0 = Release|Any CPU
		{CA23C132-FF16-48E7-A98C-97D166D3FAA9}.Debug|Any CPU.ActiveCfg = Debug|Any CPU
		{CA23C132-FF16-48E7-A98C-97D166D3FAA9}.Debug|Any CPU.Build.0 = Debug|Any CPU
		{CA23C132-FF16-48E7-A98C-97D166D3FAA9}.Release|Any CPU.ActiveCfg = Release|Any CPU
		{CA23C132-FF16-48E7-A98C-97D166D3FAA9}.Release|Any CPU.Build.0 = Release|Any CPU
	EndGlobalSection
	GlobalSection(SolutionProperties) = preSolution
		HideSolutionNode = FALSE
	EndGlobalSection
	GlobalSection(ExtensibilityGlobals) = postSolution
		SolutionGuid = {63A1EC3C-98DC-4E5B-ADC4-03881880280E}
	EndGlobalSection
EndGlobal
